Microsoft Visual Studio Solution File, Format Version 11.00
# Visual Studio 2008

Project("{EB1599D3-65E2-83A3-18FC-E131D99892A0}") = "Vuforia Project 1", "Assembly-CSharp.csproj", "{32F59790-2B1C-B7C2-72F7-254FDDA14C56}"
EndProject
Project("{EB1599D3-65E2-83A3-18FC-E131D99892A0}") = "Vuforia Project 1", "Assembly-CSharp-Editor.csproj", "{7C2D7050-7190-BBC2-D484-4BA25F8498CA}"
EndProject
Global
	GlobalSection(SolutionConfigurationPlatforms) = preSolution
		Debug|Any CPU = Debug|Any CPU
		Release|Any CPU = Release|Any CPU
	EndGlobalSection
	GlobalSection(ProjectConfigurationPlatforms) = postSolution
		{32F59790-2B1C-B7C2-72F7-254FDDA14C56}.Debug|Any CPU.ActiveCfg = Debug|Any CPU
		{32F59790-2B1C-B7C2-72F7-254FDDA14C56}.Debug|Any CPU.Build.0 = Debug|Any CPU
		{32F59790-2B1C-B7C2-72F7-254FDDA14C56}.Release|Any CPU.ActiveCfg = Release|Any CPU
		{32F59790-2B1C-B7C2-72F7-254FDDA14C56}.Release|Any CPU.Build.0 = Release|Any CPU
		{7C2D7050-7190-BBC2-D484-4BA25F8498CA}.Debug|Any CPU.ActiveCfg = Debug|Any CPU
		{7C2D7050-7190-BBC2-D484-4BA25F8498CA}.Debug|Any CPU.Build.0 = Debug|Any CPU
		{7C2D7050-7190-BBC2-D484-4BA25F8498CA}.Release|Any CPU.ActiveCfg = Release|Any CPU
		{7C2D7050-7190-BBC2-D484-4BA25F8498CA}.Release|Any CPU.Build.0 = Release|Any CPU
	EndGlobalSection
	GlobalSection(SolutionProperties) = preSolution
		HideSolutionNode = FALSE
	EndGlobalSection
	GlobalSection(MonoDevelopProperties) = preSolution
		StartupItem = Assembly-CSharp.csproj
	EndGlobalSection
EndGlobal
